// !$*UTF8*$!
{
	archiveVersion = 1;
	classes = {
	};
	objectVersion = 52;
	objects = {

/* Begin PBXBuildFile section */
		0D39A6E9336C22DAEA8E19A4 /* AppDelegate.swift in Sources */ = {isa = PBXBuildFile; fileRef = 8D89ACE65B14DCB40F82D795 /* AppDelegate.swift */; };
		3F90BFF84A4195750D282F9F /* SceneDelegate.swift in Sources */ = {isa = PBXBuildFile; fileRef = 4EA515A0910FEC91165740EB /* SceneDelegate.swift */; };
		58B2E9B58F9534CE2B079D0A /* ViewController.swift in Sources */ = {isa = PBXBuildFile; fileRef = 526A46B6B04C02411AE19459 /* ViewController.swift */; };
		6834054DDA9C7E2BD3D55BD0 /* Assets.xcassets in Resources */ = {isa = PBXBuildFile; fileRef = 106792ED9699E2A0F805F487 /* Assets.xcassets */; };
		EAD796EAF98A5669C20B67D3 /* LaunchScreen.storyboard in Resources */ = {isa = PBXBuildFile; fileRef = 20A657C781049F1FAF49B59A /* LaunchScreen.storyboard */; };
		F3B9568D45240B2B8B9197C3 /* DivKit in Frameworks */ = {isa = PBXBuildFile; productRef = EEC2A90EC4E44980653D79FB /* DivKit */; };
/* End PBXBuildFile section */

/* Begin PBXFileReference section */
		0BA5125F181C11FF78659CD8 /* Info.plist */ = {isa = PBXFileReference; lastKnownFileType = text.plist; path = Info.plist; sourceTree = "<group>"; };
		0F89FBEA67B57A8A07130B4E /* Base */ = {isa = PBXFileReference; lastKnownFileType = file.storyboard; name = Base; path = Base.lproj/LaunchScreen.storyboard; sourceTree = "<group>"; };
		106792ED9699E2A0F805F487 /* Assets.xcassets */ = {isa = PBXFileReference; lastKnownFileType = folder.assetcatalog; path = Assets.xcassets; sourceTree = "<group>"; };
		4EA515A0910FEC91165740EB /* SceneDelegate.swift */ = {isa = PBXFileReference; lastKnownFileType = sourcecode.swift; path = SceneDelegate.swift; sourceTree = "<group>"; };
		526A46B6B04C02411AE19459 /* ViewController.swift */ = {isa = PBXFileReference; lastKnownFileType = sourcecode.swift; path = ViewController.swift; sourceTree = "<group>"; };
		7A5179DD2C66D220588D8565 /* PetsApp.app */ = {isa = PBXFileReference; includeInIndex = 0; lastKnownFileType = wrapper.application; path = PetsApp.app; sourceTree = BUILT_PRODUCTS_DIR; };
		7A51D7BE00D1D0EC7F9FF2E0 /* App.entitlements */ = {isa = PBXFileReference; lastKnownFileType = text.plist.entitlements; path = App.entitlements; sourceTree = "<group>"; };
		8D89ACE65B14DCB40F82D795 /* AppDelegate.swift */ = {isa = PBXFileReference; lastKnownFileType = sourcecode.swift; path = AppDelegate.swift; sourceTree = "<group>"; };
/* End PBXFileReference section */

/* Begin PBXFrameworksBuildPhase section */
		31824AE400C9049F38C97D1D /* Frameworks */ = {
			isa = PBXFrameworksBuildPhase;
			buildActionMask = 2147483647;
			files = (
				F3B9568D45240B2B8B9197C3 /* DivKit in Frameworks */,
			);
			runOnlyForDeploymentPostprocessing = 0;
		};
/* End PBXFrameworksBuildPhase section */

/* Begin PBXGroup section */
		1236500B50F2E98CE05B39F8 = {
			isa = PBXGroup;
			children = (
				BB4795B25189A130DBE6AF8F /* Pets */,
				7D8CDC8E9E9476020BE1D1D9 /* Products */,
			);
			sourceTree = "<group>";
		};
		7D8CDC8E9E9476020BE1D1D9 /* Products */ = {
			isa = PBXGroup;
			children = (
				7A5179DD2C66D220588D8565 /* PetsApp.app */,
			);
			name = Products;
			sourceTree = "<group>";
		};
		BB4795B25189A130DBE6AF8F /* Pets */ = {
			isa = PBXGroup;
			children = (
				7A51D7BE00D1D0EC7F9FF2E0 /* App.entitlements */,
				8D89ACE65B14DCB40F82D795 /* AppDelegate.swift */,
				106792ED9699E2A0F805F487 /* Assets.xcassets */,
				0BA5125F181C11FF78659CD8 /* Info.plist */,
				20A657C781049F1FAF49B59A /* LaunchScreen.storyboard */,
				4EA515A0910FEC91165740EB /* SceneDelegate.swift */,
				526A46B6B04C02411AE19459 /* ViewController.swift */,
			);
			path = Pets;
			sourceTree = "<group>";
		};
/* End PBXGroup section */

/* Begin PBXNativeTarget section */
		451584A5D6AA335AC42AF320 /* PetsApp */ = {
			isa = PBXNativeTarget;
			buildConfigurationList = EE938FA8BC2EF551A058D13B /* Build configuration list for PBXNativeTarget "PetsApp" */;
			buildPhases = (
				2290AA98A88DFC4D47667F70 /* Sources */,
				1C2EA6BFAA6E2A18C76AFF98 /* Resources */,
				31824AE400C9049F38C97D1D /* Frameworks */,
			);
			buildRules = (
			);
			dependencies = (
			);
			name = PetsApp;
			packageProductDependencies = (
				EEC2A90EC4E44980653D79FB /* DivKit */,
			);
			productName = PetsApp;
			productReference = 7A5179DD2C66D220588D8565 /* PetsApp.app */;
			productType = "com.apple.product-type.application";
		};
/* End PBXNativeTarget section */

/* Begin PBXProject section */
		F46381F8B8C5426E5595540A /* Project object */ = {
			isa = PBXProject;
			attributes = {
				LastUpgradeCheck = 1200;
			};
			buildConfigurationList = 2D22628856208648996F6DD9 /* Build configuration list for PBXProject "Pets" */;
			compatibilityVersion = "Xcode 11.0";
			developmentRegion = en;
			hasScannedForEncodings = 0;
			knownRegions = (
				Base,
				en,
			);
			mainGroup = 1236500B50F2E98CE05B39F8;
			packageReferences = (
				A9BCD99CC1EDB5437E78E225 /* XCRemoteSwiftPackageReference "divkit-ios" */,
			);
			projectDirPath = "";
			projectRoot = "";
			targets = (
				451584A5D6AA335AC42AF320 /* PetsApp */,
			);
		};
/* End PBXProject section */

/* Begin PBXResourcesBuildPhase section */
		1C2EA6BFAA6E2A18C76AFF98 /* Resources */ = {
			isa = PBXResourcesBuildPhase;
			buildActionMask = 2147483647;
			files = (
				6834054DDA9C7E2BD3D55BD0 /* Assets.xcassets in Resources */,
				EAD796EAF98A5669C20B67D3 /* LaunchScreen.storyboard in Resources */,
			);
			runOnlyForDeploymentPostprocessing = 0;
		};
/* End PBXResourcesBuildPhase section */

/* Begin PBXSourcesBuildPhase section */
		2290AA98A88DFC4D47667F70 /* Sources */ = {
			isa = PBXSourcesBuildPhase;
			buildActionMask = 2147483647;
			files = (
				0D39A6E9336C22DAEA8E19A4 /* AppDelegate.swift in Sources */,
				3F90BFF84A4195750D282F9F /* SceneDelegate.swift in Sources */,
				58B2E9B58F9534CE2B079D0A /* ViewController.swift in Sources */,
			);
			runOnlyForDeploymentPostprocessing = 0;
		};
/* End PBXSourcesBuildPhase section */

/* Begin PBXVariantGroup section */
		20A657C781049F1FAF49B59A /* LaunchScreen.storyboard */ = {
			isa = PBXVariantGroup;
			children = (
				0F89FBEA67B57A8A07130B4E /* Base */,
			);
			name = LaunchScreen.storyboard;
			sourceTree = "<group>";
		};
/* End PBXVariantGroup section */

/* Begin XCBuildConfiguration section */
		661A875807AFDD41A5067572 /* Debug */ = {
			isa = XCBuildConfiguration;
			buildSettings = {
				ASSETCATALOG_COMPILER_APPICON_NAME = AppIcon;
				CODE_SIGN_IDENTITY = "iPhone Developer";
				ENTITLEMENTS_FILE = Pets/App.entitlements;
				INFOPLIST_FILE = Pets/Info.plist;
				IPHONEOS_DEPLOYMENT_TARGET = 13.0;
				LD_RUNPATH_SEARCH_PATHS = (
					"$(inherited)",
					"@executable_path/Frameworks",
				);
				PRODUCT_BUNDLE_IDENTIFIER = com.carloskimura.Pets;
				SDKROOT = iphoneos;
				TARGETED_DEVICE_FAMILY = "1,2";
			};
			name = Debug;
		};
		A2EC195C061B384E72A19A01 /* Debug */ = {
			isa = XCBuildConfiguration;
			buildSettings = {
				ALWAYS_SEARCH_USER_PATHS = NO;
				CLANG_ANALYZER_NONNULL = YES;
				CLANG_ANALYZER_NUMBER_OBJECT_CONVERSION = YES_AGGRESSIVE;
				CLANG_CXX_LANGUAGE_STANDARD = "gnu++14";
				CLANG_CXX_LIBRARY = "libc++";
				CLANG_ENABLE_MODULES = YES;
				CLANG_ENABLE_OBJC_ARC = YES;
				CLANG_ENABLE_OBJC_WEAK = YES;
				CLANG_WARN_BLOCK_CAPTURE_AUTORELEASING = YES;
				CLANG_WARN_BOOL_CONVERSION = YES;
				CLANG_WARN_COMMA = YES;
				CLANG_WARN_CONSTANT_CONVERSION = YES;
				CLANG_WARN_DEPRECATED_OBJC_IMPLEMENTATIONS = YES;
				CLANG_WARN_DIRECT_OBJC_ISA_USAGE = YES_ERROR;
				CLANG_WARN_DOCUMENTATION_COMMENTS = YES;
				CLANG_WARN_EMPTY_BODY = YES;
				CLANG_WARN_ENUM_CONVERSION = YES;
				CLANG_WARN_INFINITE_RECURSION = YES;
				CLANG_WARN_INT_CONVERSION = YES;
				CLANG_WARN_NON_LITERAL_NULL_CONVERSION = YES;
				CLANG_WARN_OBJC_IMPLICIT_RETAIN_SELF = YES;
				CLANG_WARN_OBJC_LITERAL_CONVERSION = YES;
				CLANG_WARN_OBJC_ROOT_CLASS = YES_ERROR;
				CLANG_WARN_QUOTED_INCLUDE_IN_FRAMEWORK_HEADER = YES;
				CLANG_WARN_RANGE_LOOP_ANALYSIS = YES;
				CLANG_WARN_STRICT_PROTOTYPES = YES;
				CLANG_WARN_SUSPICIOUS_MOVE = YES;
				CLANG_WARN_UNGUARDED_AVAILABILITY = YES_AGGRESSIVE;
				CLANG_WARN_UNREACHABLE_CODE = YES;
				CLANG_WARN__DUPLICATE_METHOD_MATCH = YES;
				COPY_PHASE_STRIP = NO;
				DEBUG_INFORMATION_FORMAT = dwarf;
				ENABLE_STRICT_OBJC_MSGSEND = YES;
				ENABLE_TESTABILITY = YES;
				GCC_C_LANGUAGE_STANDARD = gnu11;
				GCC_DYNAMIC_NO_PIC = NO;
				GCC_NO_COMMON_BLOCKS = YES;
				GCC_OPTIMIZATION_LEVEL = 0;
				GCC_PREPROCESSOR_DEFINITIONS = (
					"$(inherited)",
					"DEBUG=1",
				);
				GCC_WARN_64_TO_32_BIT_CONVERSION = YES;
				GCC_WARN_ABOUT_RETURN_TYPE = YES_ERROR;
				GCC_WARN_UNDECLARED_SELECTOR = YES;
				GCC_WARN_UNINITIALIZED_AUTOS = YES_AGGRESSIVE;
				GCC_WARN_UNUSED_FUNCTION = YES;
				GCC_WARN_UNUSED_VARIABLE = YES;
				MTL_ENABLE_DEBUG_INFO = INCLUDE_SOURCE;
				MTL_FAST_MATH = YES;
				ONLY_ACTIVE_ARCH = YES;
				PRODUCT_NAME = "$(TARGET_NAME)";
				SDKROOT = iphoneos;
				SWIFT_ACTIVE_COMPILATION_CONDITIONS = DEBUG;
				SWIFT_OPTIMIZATION_LEVEL = "-Onone";
				SWIFT_VERSION = 5.0;
			};
			name = Debug;
		};
		A60B4EF356957E5073C1B4F6 /* Release */ = {
			isa = XCBuildConfiguration;
			buildSettings = {
				ALWAYS_SEARCH_USER_PATHS = NO;
				CLANG_ANALYZER_NONNULL = YES;
				CLANG_ANALYZER_NUMBER_OBJECT_CONVERSION = YES_AGGRESSIVE;
				CLANG_CXX_LANGUAGE_STANDARD = "gnu++14";
				CLANG_CXX_LIBRARY = "libc++";
				CLANG_ENABLE_MODULES = YES;
				CLANG_ENABLE_OBJC_ARC = YES;
				CLANG_ENABLE_OBJC_WEAK = YES;
				CLANG_WARN_BLOCK_CAPTURE_AUTORELEASING = YES;
				CLANG_WARN_BOOL_CONVERSION = YES;
				CLANG_WARN_COMMA = YES;
				CLANG_WARN_CONSTANT_CONVERSION = YES;
				CLANG_WARN_DEPRECATED_OBJC_IMPLEMENTATIONS = YES;
				CLANG_WARN_DIRECT_OBJC_ISA_USAGE = YES_ERROR;
				CLANG_WARN_DOCUMENTATION_COMMENTS = YES;
				CLANG_WARN_EMPTY_BODY = YES;
				CLANG_WARN_ENUM_CONVERSION = YES;
				CLANG_WARN_INFINITE_RECURSION = YES;
				CLANG_WARN_INT_CONVERSION = YES;
				CLANG_WARN_NON_LITERAL_NULL_CONVERSION = YES;
				CLANG_WARN_OBJC_IMPLICIT_RETAIN_SELF = YES;
				CLANG_WARN_OBJC_LITERAL_CONVERSION = YES;
				CLANG_WARN_OBJC_ROOT_CLASS = YES_ERROR;
				CLANG_WARN_QUOTED_INCLUDE_IN_FRAMEWORK_HEADER = YES;
				CLANG_WARN_RANGE_LOOP_ANALYSIS = YES;
				CLANG_WARN_STRICT_PROTOTYPES = YES;
				CLANG_WARN_SUSPICIOUS_MOVE = YES;
				CLANG_WARN_UNGUARDED_AVAILABILITY = YES_AGGRESSIVE;
				CLANG_WARN_UNREACHABLE_CODE = YES;
				CLANG_WARN__DUPLICATE_METHOD_MATCH = YES;
				COPY_PHASE_STRIP = NO;
				DEBUG_INFORMATION_FORMAT = "dwarf-with-dsym";
				ENABLE_NS_ASSERTIONS = NO;
				ENABLE_STRICT_OBJC_MSGSEND = YES;
				GCC_C_LANGUAGE_STANDARD = gnu11;
				GCC_NO_COMMON_BLOCKS = YES;
				GCC_WARN_64_TO_32_BIT_CONVERSION = YES;
				GCC_WARN_ABOUT_RETURN_TYPE = YES_ERROR;
				GCC_WARN_UNDECLARED_SELECTOR = YES;
				GCC_WARN_UNINITIALIZED_AUTOS = YES_AGGRESSIVE;
				GCC_WARN_UNUSED_FUNCTION = YES;
				GCC_WARN_UNUSED_VARIABLE = YES;
				MTL_ENABLE_DEBUG_INFO = NO;
				MTL_FAST_MATH = YES;
				PRODUCT_NAME = "$(TARGET_NAME)";
				SDKROOT = iphoneos;
				SWIFT_COMPILATION_MODE = wholemodule;
				SWIFT_OPTIMIZATION_LEVEL = "-O";
				SWIFT_VERSION = 5.0;
			};
			name = Release;
		};
		CA87ECCF665D80AC4E62C573 /* Release */ = {
			isa = XCBuildConfiguration;
			buildSettings = {
				ASSETCATALOG_COMPILER_APPICON_NAME = AppIcon;
				CODE_SIGN_IDENTITY = "iPhone Developer";
				ENTITLEMENTS_FILE = Pets/App.entitlements;
				INFOPLIST_FILE = Pets/Info.plist;
				IPHONEOS_DEPLOYMENT_TARGET = 13.0;
				LD_RUNPATH_SEARCH_PATHS = (
					"$(inherited)",
					"@executable_path/Frameworks",
				);
				PRODUCT_BUNDLE_IDENTIFIER = com.carloskimura.Pets;
				SDKROOT = iphoneos;
				TARGETED_DEVICE_FAMILY = "1,2";
			};
			name = Release;
		};
/* End XCBuildConfiguration section */

/* Begin XCConfigurationList section */
		2D22628856208648996F6DD9 /* Build configuration list for PBXProject "Pets" */ = {
			isa = XCConfigurationList;
			buildConfigurations = (
				A2EC195C061B384E72A19A01 /* Debug */,
				A60B4EF356957E5073C1B4F6 /* Release */,
			);
			defaultConfigurationIsVisible = 0;
			defaultConfigurationName = Debug;
		};
		EE938FA8BC2EF551A058D13B /* Build configuration list for PBXNativeTarget "PetsApp" */ = {
			isa = XCConfigurationList;
			buildConfigurations = (
				661A875807AFDD41A5067572 /* Debug */,
				CA87ECCF665D80AC4E62C573 /* Release */,
			);
			defaultConfigurationIsVisible = 0;
			defaultConfigurationName = Debug;
		};
/* End XCConfigurationList section */

/* Begin XCRemoteSwiftPackageReference section */
		A9BCD99CC1EDB5437E78E225 /* XCRemoteSwiftPackageReference "divkit-ios" */ = {
			isa = XCRemoteSwiftPackageReference;
			repositoryURL = "https://github.com/divkit/divkit-ios.git";
			requirement = {
				kind = upToNextMajorVersion;
				minimumVersion = 9.0.0;
			};
		};
/* End XCRemoteSwiftPackageReference section */

/* Begin XCSwiftPackageProductDependency section */
		EEC2A90EC4E44980653D79FB /* DivKit */ = {
			isa = XCSwiftPackageProductDependency;
			package = A9BCD99CC1EDB5437E78E225 /* XCRemoteSwiftPackageReference "divkit-ios" */;
			productName = DivKit;
		};
/* End XCSwiftPackageProductDependency section */
	};
	rootObject = F46381F8B8C5426E5595540A /* Project object */;
}
